// !$*UTF8*$!
{
	archiveVersion = 1;
	classes = {
	};
	objectVersion = 48;
	objects = {

/* Begin PBXBuildFile section */
		68CE55B32016E379004900AE /* AppDelegate.swift in Sources */ = {isa = PBXBuildFile; fileRef = 68CE55B22016E379004900AE /* AppDelegate.swift */; };
		68CE55B52016E379004900AE /* ViewController.swift in Sources */ = {isa = PBXBuildFile; fileRef = 68CE55B42016E379004900AE /* ViewController.swift */; };
		68CE55B82016E379004900AE /* Main.storyboard in Resources */ = {isa = PBXBuildFile; fileRef = 68CE55B62016E379004900AE /* Main.storyboard */; };
		68CE55BA2016E379004900AE /* Assets.xcassets in Resources */ = {isa = PBXBuildFile; fileRef = 68CE55B92016E379004900AE /* Assets.xcassets */; };
		68CE55BD2016E379004900AE /* LaunchScreen.storyboard in Resources */ = {isa = PBXBuildFile; fileRef = 68CE55BB2016E379004900AE /* LaunchScreen.storyboard */; };
		68CE55C92016E52E004900AE /* JSON003.json in Resources */ = {isa = PBXBuildFile; fileRef = 68CE55C82016E52E004900AE /* JSON003.json */; };
		68CE55CB2016E54C004900AE /* JSON001.json in Resources */ = {isa = PBXBuildFile; fileRef = 68CE55CA2016E54C004900AE /* JSON001.json */; };
		68CE55CD2016E607004900AE /* JSON002.json in Resources */ = {isa = PBXBuildFile; fileRef = 68CE55CC2016E607004900AE /* JSON002.json */; };
/* End PBXBuildFile section */

/* Begin PBXFileReference section */
		68CE55AF2016E379004900AE /* sampleJSON.app */ = {isa = PBXFileReference; explicitFileType = wrapper.application; includeInIndex = 0; path = sampleJSON.app; sourceTree = BUILT_PRODUCTS_DIR; };
		68CE55B22016E379004900AE /* AppDelegate.swift */ = {isa = PBXFileReference; lastKnownFileType = sourcecode.swift; path = AppDelegate.swift; sourceTree = "<group>"; };
		68CE55B42016E379004900AE /* ViewController.swift */ = {isa = PBXFileReference; lastKnownFileType = sourcecode.swift; path = ViewController.swift; sourceTree = "<group>"; };
		68CE55B72016E379004900AE /* Base */ = {isa = PBXFileReference; lastKnownFileType = file.storyboard; name = Base; path = Base.lproj/Main.storyboard; sourceTree = "<group>"; };
		68CE55B92016E379004900AE /* Assets.xcassets */ = {isa = PBXFileReference; lastKnownFileType = folder.assetcatalog; path = Assets.xcassets; sourceTree = "<group>"; };
		68CE55BC2016E379004900AE /* Base */ = {isa = PBXFileReference; lastKnownFileType = file.storyboard; name = Base; path = Base.lproj/LaunchScreen.storyboard; sourceTree = "<group>"; };
		68CE55BE2016E379004900AE /* Info.plist */ = {isa = PBXFileReference; lastKnownFileType = text.plist.xml; path = Info.plist; sourceTree = "<group>"; };
		68CE55C82016E52E004900AE /* JSON003.json */ = {isa = PBXFileReference; lastKnownFileType = text.json; path = JSON003.json; sourceTree = "<group>"; };
		68CE55CA2016E54C004900AE /* JSON001.json */ = {isa = PBXFileReference; lastKnownFileType = text.json; path = JSON001.json; sourceTree = "<group>"; };
		68CE55CC2016E607004900AE /* JSON002.json */ = {isa = PBXFileReference; lastKnownFileType = text.json; path = JSON002.json; sourceTree = "<group>"; };
/* End PBXFileReference section */

/* Begin PBXFrameworksBuildPhase section */
		68CE55AC2016E379004900AE /* Frameworks */ = {
			isa = PBXFrameworksBuildPhase;
			buildActionMask = 2147483647;
			files = (
			);
			runOnlyForDeploymentPostprocessing = 0;
		};
/* End PBXFrameworksBuildPhase section */

/* Begin PBXGroup section */
		68CE55A62016E379004900AE = {
			isa = PBXGroup;
			children = (
				68CE55B12016E379004900AE /* sampleJSON */,
				68CE55B02016E379004900AE /* Products */,
			);
			sourceTree = "<group>";
		};
		68CE55B02016E379004900AE /* Products */ = {
			isa = PBXGroup;
			children = (
				68CE55AF2016E379004900AE /* sampleJSON.app */,
			);
			name = Products;
			sourceTree = "<group>";
		};
		68CE55B12016E379004900AE /* sampleJSON */ = {
			isa = PBXGroup;
			children = (
				68CE55B22016E379004900AE /* AppDelegate.swift */,
				68CE55B42016E379004900AE /* ViewController.swift */,
				68CE55B62016E379004900AE /* Main.storyboard */,
				68CE55B92016E379004900AE /* Assets.xcassets */,
				68CE55BB2016E379004900AE /* LaunchScreen.storyboard */,
				68CE55BE2016E379004900AE /* Info.plist */,
				68CE55C82016E52E004900AE /* JSON003.json */,
				68CE55CA2016E54C004900AE /* JSON001.json */,
				68CE55CC2016E607004900AE /* JSON002.json */,
			);
			path = sampleJSON;
			sourceTree = "<group>";
		};
/* End PBXGroup section */

/* Begin PBXNativeTarget section */
		68CE55AE2016E379004900AE /* sampleJSON */ = {
			isa = PBXNativeTarget;
			buildConfigurationList = 68CE55C12016E379004900AE /* Build configuration list for PBXNativeTarget "sampleJSON" */;
			buildPhases = (
				68CE55AB2016E379004900AE /* Sources */,
				68CE55AC2016E379004900AE /* Frameworks */,
				68CE55AD2016E379004900AE /* Resources */,
			);
			buildRules = (
			);
			dependencies = (
			);
			name = sampleJSON;
			productName = sampleJSON;
			productReference = 68CE55AF2016E379004900AE /* sampleJSON.app */;
			productType = "com.apple.product-type.application";
		};
/* End PBXNativeTarget section */

/* Begin PBXProject section */
		68CE55A72016E379004900AE /* Project object */ = {
			isa = PBXProject;
			attributes = {
				LastSwiftUpdateCheck = 0920;
				LastUpgradeCheck = 0920;
				ORGANIZATIONNAME = "今川博司";
				TargetAttributes = {
					68CE55AE2016E379004900AE = {
						CreatedOnToolsVersion = 9.2;
						ProvisioningStyle = Automatic;
					};
				};
			};
			buildConfigurationList = 68CE55AA2016E379004900AE /* Build configuration list for PBXProject "sampleJSON" */;
			compatibilityVersion = "Xcode 8.0";
			developmentRegion = en;
			hasScannedForEncodings = 0;
			knownRegions = (
				en,
				Base,
			);
			mainGroup = 68CE55A62016E379004900AE;
			productRefGroup = 68CE55B02016E379004900AE /* Products */;
			projectDirPath = "";
			projectRoot = "";
			targets = (
				68CE55AE2016E379004900AE /* sampleJSON */,
			);
		};
/* End PBXProject section */

/* Begin PBXResourcesBuildPhase section */
		68CE55AD2016E379004900AE /* Resources */ = {
			isa = PBXResourcesBuildPhase;
			buildActionMask = 2147483647;
			files = (
				68CE55C92016E52E004900AE /* JSON003.json in Resources */,
				68CE55BD2016E379004900AE /* LaunchScreen.storyboard in Resources */,
				68CE55BA2016E379004900AE /* Assets.xcassets in Resources */,
				68CE55CD2016E607004900AE /* JSON002.json in Resources */,
				68CE55CB2016E54C004900AE /* JSON001.json in Resources */,
				68CE55B82016E379004900AE /* Main.storyboard in Resources */,
			);
			runOnlyForDeploymentPostprocessing = 0;
		};
/* End PBXResourcesBuildPhase section */

/* Begin PBXSourcesBuildPhase section */
		68CE55AB2016E379004900AE /* Sources */ = {
			isa = PBXSourcesBuildPhase;
			buildActionMask = 2147483647;
			files = (
				68CE55B52016E379004900AE /* ViewController.swift in Sources */,
				68CE55B32016E379004900AE /* AppDelegate.swift in Sources */,
			);
			runOnlyForDeploymentPostprocessing = 0;
		};
/* End PBXSourcesBuildPhase section */

/* Begin PBXVariantGroup section */
		68CE55B62016E379004900AE /* Main.storyboard */ = {
			isa = PBXVariantGroup;
			children = (
				68CE55B72016E379004900AE /* Base */,
			);
			name = Main.storyboard;
			sourceTree = "<group>";
		};
		68CE55BB2016E379004900AE /* LaunchScreen.storyboard */ = {
			isa = PBXVariantGroup;
			children = (
				68CE55BC2016E379004900AE /* Base */,
			);
			name = LaunchScreen.storyboard;
			sourceTree = "<group>";
		};
/* End PBXVariantGroup section */

/* Begin XCBuildConfiguration section */
		68CE55BF2016E379004900AE /* Debug */ = {
			isa = XCBuildConfiguration;
			buildSettings = {
				ALWAYS_SEARCH_USER_PATHS = NO;
				CLANG_ANALYZER_NONNULL = YES;
				CLANG_ANALYZER_NUMBER_OBJECT_CONVERSION = YES_AGGRESSIVE;
				CLANG_CXX_LANGUAGE_STANDARD = "gnu++14";
				CLANG_CXX_LIBRARY = "libc++";
				CLANG_ENABLE_MODULES = YES;
				CLANG_ENABLE_OBJC_ARC = YES;
				CLANG_WARN_BLOCK_CAPTURE_AUTORELEASING = YES;
				CLANG_WARN_BOOL_CONVERSION = YES;
				CLANG_WARN_COMMA = YES;
				CLANG_WARN_CONSTANT_CONVERSION = YES;
				CLANG_WARN_DIRECT_OBJC_ISA_USAGE = YES_ERROR;
				CLANG_WARN_DOCUMENTATION_COMMENTS = YES;
				CLANG_WARN_EMPTY_BODY = YES;
				CLANG_WARN_ENUM_CONVERSION = YES;
				CLANG_WARN_INFINITE_RECURSION = YES;
				CLANG_WARN_INT_CONVERSION = YES;
				CLANG_WARN_NON_LITERAL_NULL_CONVERSION = YES;
				CLANG_WARN_OBJC_LITERAL_CONVERSION = YES;
				CLANG_WARN_OBJC_ROOT_CLASS = YES_ERROR;
				CLANG_WARN_RANGE_LOOP_ANALYSIS = YES;
				CLANG_WARN_STRICT_PROTOTYPES = YES;
				CLANG_WARN_SUSPICIOUS_MOVE = YES;
				CLANG_WARN_UNGUARDED_AVAILABILITY = YES_AGGRESSIVE;
				CLANG_WARN_UNREACHABLE_CODE = YES;
				CLANG_WARN__DUPLICATE_METHOD_MATCH = YES;
				CODE_SIGN_IDENTITY = "iPhone Developer";
				COPY_PHASE_STRIP = NO;
				DEBUG_INFORMATION_FORMAT = dwarf;
				ENABLE_STRICT_OBJC_MSGSEND = YES;
				ENABLE_TESTABILITY = YES;
				GCC_C_LANGUAGE_STANDARD = gnu11;
				GCC_DYNAMIC_NO_PIC = NO;
				GCC_NO_COMMON_BLOCKS = YES;
				GCC_OPTIMIZATION_LEVEL = 0;
				GCC_PREPROCESSOR_DEFINITIONS = (
					"DEBUG=1",
					"$(inherited)",
				);
				GCC_WARN_64_TO_32_BIT_CONVERSION = YES;
				GCC_WARN_ABOUT_RETURN_TYPE = YES_ERROR;
				GCC_WARN_UNDECLARED_SELECTOR = YES;
				GCC_WARN_UNINITIALIZED_AUTOS = YES_AGGRESSIVE;
				GCC_WARN_UNUSED_FUNCTION = YES;
				GCC_WARN_UNUSED_VARIABLE = YES;
				IPHONEOS_DEPLOYMENT_TARGET = 11.2;
				MTL_ENABLE_DEBUG_INFO = YES;
				ONLY_ACTIVE_ARCH = YES;
				SDKROOT = iphoneos;
				SWIFT_ACTIVE_COMPILATION_CONDITIONS = DEBUG;
				SWIFT_OPTIMIZATION_LEVEL = "-Onone";
			};
			name = Debug;
		};
		68CE55C02016E379004900AE /* Release */ = {
			isa = XCBuildConfiguration;
			buildSettings = {
				ALWAYS_SEARCH_USER_PATHS = NO;
				CLANG_ANALYZER_NONNULL = YES;
				CLANG_ANALYZER_NUMBER_OBJECT_CONVERSION = YES_AGGRESSIVE;
				CLANG_CXX_LANGUAGE_STANDARD = "gnu++14";
				CLANG_CXX_LIBRARY = "libc++";
				CLANG_ENABLE_MODULES = YES;
				CLANG_ENABLE_OBJC_ARC = YES;
				CLANG_WARN_BLOCK_CAPTURE_AUTORELEASING = YES;
				CLANG_WARN_BOOL_CONVERSION = YES;
				CLANG_WARN_COMMA = YES;
				CLANG_WARN_CONSTANT_CONVERSION = YES;
				CLANG_WARN_DIRECT_OBJC_ISA_USAGE = YES_ERROR;
				CLANG_WARN_DOCUMENTATION_COMMENTS = YES;
				CLANG_WARN_EMPTY_BODY = YES;
				CLANG_WARN_ENUM_CONVERSION = YES;
				CLANG_WARN_INFINITE_RECURSION = YES;
				CLANG_WARN_INT_CONVERSION = YES;
				CLANG_WARN_NON_LITERAL_NULL_CONVERSION = YES;
				CLANG_WARN_OBJC_LITERAL_CONVERSION = YES;
				CLANG_WARN_OBJC_ROOT_CLASS = YES_ERROR;
				CLANG_WARN_RANGE_LOOP_ANALYSIS = YES;
				CLANG_WARN_STRICT_PROTOTYPES = YES;
				CLANG_WARN_SUSPICIOUS_MOVE = YES;
				CLANG_WARN_UNGUARDED_AVAILABILITY = YES_AGGRESSIVE;
				CLANG_WARN_UNREACHABLE_CODE = YES;
				CLANG_WARN__DUPLICATE_METHOD_MATCH = YES;
				CODE_SIGN_IDENTITY = "iPhone Developer";
				COPY_PHASE_STRIP = NO;
				DEBUG_INFORMATION_FORMAT = "dwarf-with-dsym";
				ENABLE_NS_ASSERTIONS = NO;
				ENABLE_STRICT_OBJC_MSGSEND = YES;
				GCC_C_LANGUAGE_STANDARD = gnu11;
				GCC_NO_COMMON_BLOCKS = YES;
				GCC_WARN_64_TO_32_BIT_CONVERSION = YES;
				GCC_WARN_ABOUT_RETURN_TYPE = YES_ERROR;
				GCC_WARN_UNDECLARED_SELECTOR = YES;
				GCC_WARN_UNINITIALIZED_AUTOS = YES_AGGRESSIVE;
				GCC_WARN_UNUSED_FUNCTION = YES;
				GCC_WARN_UNUSED_VARIABLE = YES;
				IPHONEOS_DEPLOYMENT_TARGET = 11.2;
				MTL_ENABLE_DEBUG_INFO = NO;
				SDKROOT = iphoneos;
				SWIFT_OPTIMIZATION_LEVEL = "-Owholemodule";
				VALIDATE_PRODUCT = YES;
			};
			name = Release;
		};
		68CE55C22016E379004900AE /* Debug */ = {
			isa = XCBuildConfiguration;
			buildSettings = {
				ASSETCATALOG_COMPILER_APPICON_NAME = AppIcon;
				CODE_SIGN_STYLE = Automatic;
				INFOPLIST_FILE = sampleJSON/Info.plist;
				LD_RUNPATH_SEARCH_PATHS = "$(inherited) @executable_path/Frameworks";
				PRODUCT_BUNDLE_IDENTIFIER = com.ima.sampleJSON;
				PRODUCT_NAME = "$(TARGET_NAME)";
				SWIFT_VERSION = 4.0;
				TARGETED_DEVICE_FAMILY = "1,2";
			};
			name = Debug;
		};
		68CE55C32016E379004900AE /* Release */ = {
			isa = XCBuildConfiguration;
			buildSettings = {
				ASSETCATALOG_COMPILER_APPICON_NAME = AppIcon;
				CODE_SIGN_STYLE = Automatic;
				INFOPLIST_FILE = sampleJSON/Info.plist;
				LD_RUNPATH_SEARCH_PATHS = "$(inherited) @executable_path/Frameworks";
				PRODUCT_BUNDLE_IDENTIFIER = com.ima.sampleJSON;
				PRODUCT_NAME = "$(TARGET_NAME)";
				SWIFT_VERSION = 4.0;
				TARGETED_DEVICE_FAMILY = "1,2";
			};
			name = Release;
		};
/* End XCBuildConfiguration section */

/* Begin XCConfigurationList section */
		68CE55AA2016E379004900AE /* Build configuration list for PBXProject "sampleJSON" */ = {
			isa = XCConfigurationList;
			buildConfigurations = (
				68CE55BF2016E379004900AE /* Debug */,
				68CE55C02016E379004900AE /* Release */,
			);
			defaultConfigurationIsVisible = 0;
			defaultConfigurationName = Release;
		};
		68CE55C12016E379004900AE /* Build configuration list for PBXNativeTarget "sampleJSON" */ = {
			isa = XCConfigurationList;
			buildConfigurations = (
				68CE55C22016E379004900AE /* Debug */,
				68CE55C32016E379004900AE /* Release */,
			);
			defaultConfigurationIsVisible = 0;
			defaultConfigurationName = Release;
		};
/* End XCConfigurationList section */
	};
	rootObject = 68CE55A72016E379004900AE /* Project object */;
}
